// !$*UTF8*$!
{
	archiveVersion = 1;
	classes = {
	};
	objectVersion = 50;
	objects = {

/* Begin PBXBuildFile section */
		511A0AFF2141F83B00F81D3C /* RecomViewController.swift in Sources */ = {isa = PBXBuildFile; fileRef = 511A0AFE2141F83B00F81D3C /* RecomViewController.swift */; };
		511A0B0121481BA400F81D3C /* ContentViewController.swift in Sources */ = {isa = PBXBuildFile; fileRef = 511A0B0021481BA400F81D3C /* ContentViewController.swift */; };
		5120B6B320B3109C006A3396 /* AppDelegate.swift in Sources */ = {isa = PBXBuildFile; fileRef = 5120B6B220B3109C006A3396 /* AppDelegate.swift */; };
		5120B6B520B3109C006A3396 /* HomeViewController.swift in Sources */ = {isa = PBXBuildFile; fileRef = 5120B6B420B3109C006A3396 /* HomeViewController.swift */; };
		5120B6B820B3109C006A3396 /* Main.storyboard in Resources */ = {isa = PBXBuildFile; fileRef = 5120B6B620B3109C006A3396 /* Main.storyboard */; };
		5120B6BD20B3109F006A3396 /* LaunchScreen.storyboard in Resources */ = {isa = PBXBuildFile; fileRef = 5120B6BB20B3109F006A3396 /* LaunchScreen.storyboard */; };
		51212F13214AEB110071CE42 /* LoginViewController.swift in Sources */ = {isa = PBXBuildFile; fileRef = 51212F12214AEB110071CE42 /* LoginViewController.swift */; };
		513508CC211B2D25005C45A7 /* ProfileViewController.swift in Sources */ = {isa = PBXBuildFile; fileRef = 513508CB211B2D25005C45A7 /* ProfileViewController.swift */; };
		5140211F21094D9E00CEE434 /* Images.xcassets in Resources */ = {isa = PBXBuildFile; fileRef = 5140211E21094D9E00CEE434 /* Images.xcassets */; };
		5198CA4021348D2B00B69061 /* GoogleService-Info.plist in Resources */ = {isa = PBXBuildFile; fileRef = 5198CA3F21348D2B00B69061 /* GoogleService-Info.plist */; };
		5EFBB20BEB89DEB45F5CD1FB /* Pods_displayUITests.framework in Frameworks */ = {isa = PBXBuildFile; fileRef = E2C17FD7B6F7F0422882956F /* Pods_displayUITests.framework */; };
		93A339482211EF0400776C94 /* UberDisplayUser.swift in Sources */ = {isa = PBXBuildFile; fileRef = 93A339472211EF0400776C94 /* UberDisplayUser.swift */; };
		93A3394B2211EF2300776C94 /* UberDisplayUserTests.swift in Sources */ = {isa = PBXBuildFile; fileRef = 93A3394A2211EF2300776C94 /* UberDisplayUserTests.swift */; };
		93A3394E2211FA9200776C94 /* displayUITests.swift in Sources */ = {isa = PBXBuildFile; fileRef = 93A3394D2211FA9100776C94 /* displayUITests.swift */; };
		BA1BE10D6C3F850B23A1F1F6 /* Pods_displayTests.framework in Frameworks */ = {isa = PBXBuildFile; fileRef = 06E14BCE02A883711A52FA7B /* Pods_displayTests.framework */; };
		FFB8D2638A49659B2819D57E /* Pods_display.framework in Frameworks */ = {isa = PBXBuildFile; fileRef = 9A022DBCE9291564AFA43EB2 /* Pods_display.framework */; };
/* End PBXBuildFile section */

/* Begin PBXContainerItemProxy section */
		5120B6C420B3109F006A3396 /* PBXContainerItemProxy */ = {
			isa = PBXContainerItemProxy;
			containerPortal = 5120B6A720B3109C006A3396 /* Project object */;
			proxyType = 1;
			remoteGlobalIDString = 5120B6AE20B3109C006A3396;
			remoteInfo = display;
		};
		5120B6CF20B3109F006A3396 /* PBXContainerItemProxy */ = {
			isa = PBXContainerItemProxy;
			containerPortal = 5120B6A720B3109C006A3396 /* Project object */;
			proxyType = 1;
			remoteGlobalIDString = 5120B6AE20B3109C006A3396;
			remoteInfo = display;
		};
/* End PBXContainerItemProxy section */

/* Begin PBXFileReference section */
		06E14BCE02A883711A52FA7B /* Pods_displayTests.framework */ = {isa = PBXFileReference; explicitFileType = wrapper.framework; includeInIndex = 0; path = Pods_displayTests.framework; sourceTree = BUILT_PRODUCTS_DIR; };
		07CDF612C43B0D70A1CAFA21 /* Pods-display.release.xcconfig */ = {isa = PBXFileReference; includeInIndex = 1; lastKnownFileType = text.xcconfig; name = "Pods-display.release.xcconfig"; path = "Pods/Target Support Files/Pods-display/Pods-display.release.xcconfig"; sourceTree = "<group>"; };
		1BE1BB553C02D2B1CD5D1A6C /* Pods-displayUITests.debug.xcconfig */ = {isa = PBXFileReference; includeInIndex = 1; lastKnownFileType = text.xcconfig; name = "Pods-displayUITests.debug.xcconfig"; path = "Pods/Target Support Files/Pods-displayUITests/Pods-displayUITests.debug.xcconfig"; sourceTree = "<group>"; };
		511A0AFE2141F83B00F81D3C /* RecomViewController.swift */ = {isa = PBXFileReference; fileEncoding = 4; lastKnownFileType = sourcecode.swift; path = RecomViewController.swift; sourceTree = "<group>"; };
		511A0B0021481BA400F81D3C /* ContentViewController.swift */ = {isa = PBXFileReference; lastKnownFileType = sourcecode.swift; path = ContentViewController.swift; sourceTree = "<group>"; };
		5120B6AF20B3109C006A3396 /* display.app */ = {isa = PBXFileReference; explicitFileType = wrapper.application; includeInIndex = 0; path = display.app; sourceTree = BUILT_PRODUCTS_DIR; };
		5120B6B220B3109C006A3396 /* AppDelegate.swift */ = {isa = PBXFileReference; lastKnownFileType = sourcecode.swift; path = AppDelegate.swift; sourceTree = "<group>"; };
		5120B6B420B3109C006A3396 /* HomeViewController.swift */ = {isa = PBXFileReference; lastKnownFileType = sourcecode.swift; path = HomeViewController.swift; sourceTree = "<group>"; };
		5120B6B720B3109C006A3396 /* Base */ = {isa = PBXFileReference; lastKnownFileType = file.storyboard; name = Base; path = Base.lproj/Main.storyboard; sourceTree = "<group>"; };
		5120B6BC20B3109F006A3396 /* Base */ = {isa = PBXFileReference; lastKnownFileType = file.storyboard; name = Base; path = Base.lproj/LaunchScreen.storyboard; sourceTree = "<group>"; };
		5120B6BE20B3109F006A3396 /* Info.plist */ = {isa = PBXFileReference; lastKnownFileType = text.plist.xml; path = Info.plist; sourceTree = "<group>"; };
		5120B6C320B3109F006A3396 /* displayTests.xctest */ = {isa = PBXFileReference; explicitFileType = wrapper.cfbundle; includeInIndex = 0; path = displayTests.xctest; sourceTree = BUILT_PRODUCTS_DIR; };
		5120B6C920B3109F006A3396 /* Info.plist */ = {isa = PBXFileReference; lastKnownFileType = text.plist.xml; path = Info.plist; sourceTree = "<group>"; };
		5120B6CE20B3109F006A3396 /* displayUITests.xctest */ = {isa = PBXFileReference; explicitFileType = wrapper.cfbundle; includeInIndex = 0; path = displayUITests.xctest; sourceTree = BUILT_PRODUCTS_DIR; };
		5120B6D420B3109F006A3396 /* Info.plist */ = {isa = PBXFileReference; lastKnownFileType = text.plist.xml; path = Info.plist; sourceTree = "<group>"; };
		51212F12214AEB110071CE42 /* LoginViewController.swift */ = {isa = PBXFileReference; lastKnownFileType = sourcecode.swift; path = LoginViewController.swift; sourceTree = "<group>"; };
		513508CB211B2D25005C45A7 /* ProfileViewController.swift */ = {isa = PBXFileReference; lastKnownFileType = sourcecode.swift; path = ProfileViewController.swift; sourceTree = "<group>"; };
		5140211E21094D9E00CEE434 /* Images.xcassets */ = {isa = PBXFileReference; lastKnownFileType = folder.assetcatalog; path = Images.xcassets; sourceTree = "<group>"; };
		5198CA3F21348D2B00B69061 /* GoogleService-Info.plist */ = {isa = PBXFileReference; fileEncoding = 4; lastKnownFileType = text.plist.xml; path = "GoogleService-Info.plist"; sourceTree = SOURCE_ROOT; };
		790A5FB3F55B159B7F6F82B1 /* Pods-displayTests.release.xcconfig */ = {isa = PBXFileReference; includeInIndex = 1; lastKnownFileType = text.xcconfig; name = "Pods-displayTests.release.xcconfig"; path = "Pods/Target Support Files/Pods-displayTests/Pods-displayTests.release.xcconfig"; sourceTree = "<group>"; };
		9378F7DC5C6064C6BF874DDC /* Pods-displayTests.debug.xcconfig */ = {isa = PBXFileReference; includeInIndex = 1; lastKnownFileType = text.xcconfig; name = "Pods-displayTests.debug.xcconfig"; path = "Pods/Target Support Files/Pods-displayTests/Pods-displayTests.debug.xcconfig"; sourceTree = "<group>"; };
		93A339472211EF0400776C94 /* UberDisplayUser.swift */ = {isa = PBXFileReference; lastKnownFileType = sourcecode.swift; path = UberDisplayUser.swift; sourceTree = "<group>"; };
		93A339492211EF2200776C94 /* displayTests-Bridging-Header.h */ = {isa = PBXFileReference; lastKnownFileType = sourcecode.c.h; path = "displayTests-Bridging-Header.h"; sourceTree = "<group>"; };
		93A3394A2211EF2300776C94 /* UberDisplayUserTests.swift */ = {isa = PBXFileReference; lastKnownFileType = sourcecode.swift; name = UberDisplayUserTests.swift; path = ../displayTests/UberDisplayUserTests.swift; sourceTree = "<group>"; };
		93A3394C2211FA9000776C94 /* displayUITests-Bridging-Header.h */ = {isa = PBXFileReference; lastKnownFileType = sourcecode.c.h; path = "displayUITests-Bridging-Header.h"; sourceTree = "<group>"; };
		93A3394D2211FA9100776C94 /* displayUITests.swift */ = {isa = PBXFileReference; fileEncoding = 4; lastKnownFileType = sourcecode.swift; name = displayUITests.swift; path = ../displayUITests/displayUITests.swift; sourceTree = "<group>"; };
		9A022DBCE9291564AFA43EB2 /* Pods_display.framework */ = {isa = PBXFileReference; explicitFileType = wrapper.framework; includeInIndex = 0; path = Pods_display.framework; sourceTree = BUILT_PRODUCTS_DIR; };
		B261E9CA228105E6FEA335F3 /* Pods-display.debug.xcconfig */ = {isa = PBXFileReference; includeInIndex = 1; lastKnownFileType = text.xcconfig; name = "Pods-display.debug.xcconfig"; path = "Pods/Target Support Files/Pods-display/Pods-display.debug.xcconfig"; sourceTree = "<group>"; };
		BB768D999F016766245BC20C /* Pods-displayUITests.release.xcconfig */ = {isa = PBXFileReference; includeInIndex = 1; lastKnownFileType = text.xcconfig; name = "Pods-displayUITests.release.xcconfig"; path = "Pods/Target Support Files/Pods-displayUITests/Pods-displayUITests.release.xcconfig"; sourceTree = "<group>"; };
		E2C17FD7B6F7F0422882956F /* Pods_displayUITests.framework */ = {isa = PBXFileReference; explicitFileType = wrapper.framework; includeInIndex = 0; path = Pods_displayUITests.framework; sourceTree = BUILT_PRODUCTS_DIR; };
/* End PBXFileReference section */

/* Begin PBXFrameworksBuildPhase section */
		5120B6AC20B3109C006A3396 /* Frameworks */ = {
			isa = PBXFrameworksBuildPhase;
			buildActionMask = 2147483647;
			files = (
				FFB8D2638A49659B2819D57E /* Pods_display.framework in Frameworks */,
			);
			runOnlyForDeploymentPostprocessing = 0;
		};
		5120B6C020B3109F006A3396 /* Frameworks */ = {
			isa = PBXFrameworksBuildPhase;
			buildActionMask = 2147483647;
			files = (
				BA1BE10D6C3F850B23A1F1F6 /* Pods_displayTests.framework in Frameworks */,
			);
			runOnlyForDeploymentPostprocessing = 0;
		};
		5120B6CB20B3109F006A3396 /* Frameworks */ = {
			isa = PBXFrameworksBuildPhase;
			buildActionMask = 2147483647;
			files = (
				5EFBB20BEB89DEB45F5CD1FB /* Pods_displayUITests.framework in Frameworks */,
			);
			runOnlyForDeploymentPostprocessing = 0;
		};
/* End PBXFrameworksBuildPhase section */

/* Begin PBXGroup section */
		2B4152ADD1E96D17B781C83A /* Pods */ = {
			isa = PBXGroup;
			children = (
				B261E9CA228105E6FEA335F3 /* Pods-display.debug.xcconfig */,
				07CDF612C43B0D70A1CAFA21 /* Pods-display.release.xcconfig */,
				9378F7DC5C6064C6BF874DDC /* Pods-displayTests.debug.xcconfig */,
				790A5FB3F55B159B7F6F82B1 /* Pods-displayTests.release.xcconfig */,
				1BE1BB553C02D2B1CD5D1A6C /* Pods-displayUITests.debug.xcconfig */,
				BB768D999F016766245BC20C /* Pods-displayUITests.release.xcconfig */,
			);
			name = Pods;
			sourceTree = "<group>";
		};
		5120B6A620B3109C006A3396 = {
			isa = PBXGroup;
			children = (
				5120B6BE20B3109F006A3396 /* Info.plist */,
				5198CA3F21348D2B00B69061 /* GoogleService-Info.plist */,
				5140211E21094D9E00CEE434 /* Images.xcassets */,
				5120B6B220B3109C006A3396 /* AppDelegate.swift */,
				930889B22211EE5B00E06D8F /* Models */,
				930889B12211EE4C00E06D8F /* ViewControllers */,
				5120B6C620B3109F006A3396 /* displayTests */,
				5120B6D120B3109F006A3396 /* displayUITests */,
				5120B6B020B3109C006A3396 /* Products */,
				2B4152ADD1E96D17B781C83A /* Pods */,
				93DAD15FD79ED5DF913D7FC3 /* Frameworks */,
			);
			sourceTree = "<group>";
		};
		5120B6B020B3109C006A3396 /* Products */ = {
			isa = PBXGroup;
			children = (
				5120B6AF20B3109C006A3396 /* display.app */,
				5120B6C320B3109F006A3396 /* displayTests.xctest */,
				5120B6CE20B3109F006A3396 /* displayUITests.xctest */,
			);
			name = Products;
			sourceTree = "<group>";
		};
		5120B6C620B3109F006A3396 /* displayTests */ = {
			isa = PBXGroup;
			children = (
				5120B6C920B3109F006A3396 /* Info.plist */,
				93A3394A2211EF2300776C94 /* UberDisplayUserTests.swift */,
				93A339492211EF2200776C94 /* displayTests-Bridging-Header.h */,
			);
			name = displayTests;
			sourceTree = "<group>";
		};
		5120B6D120B3109F006A3396 /* displayUITests */ = {
			isa = PBXGroup;
			children = (
				93A3394D2211FA9100776C94 /* displayUITests.swift */,
				5120B6D420B3109F006A3396 /* Info.plist */,
				93A3394C2211FA9000776C94 /* displayUITests-Bridging-Header.h */,
			);
			name = displayUITests;
			sourceTree = "<group>";
		};
		930889B12211EE4C00E06D8F /* ViewControllers */ = {
			isa = PBXGroup;
			children = (
				5120B6BB20B3109F006A3396 /* LaunchScreen.storyboard */,
				5120B6B620B3109C006A3396 /* Main.storyboard */,
				511A0AFE2141F83B00F81D3C /* RecomViewController.swift */,
				5120B6B420B3109C006A3396 /* HomeViewController.swift */,
				511A0B0021481BA400F81D3C /* ContentViewController.swift */,
				513508CB211B2D25005C45A7 /* ProfileViewController.swift */,
				51212F12214AEB110071CE42 /* LoginViewController.swift */,
			);
			path = ViewControllers;
			sourceTree = "<group>";
		};
		930889B22211EE5B00E06D8F /* Models */ = {
			isa = PBXGroup;
			children = (
				93A339472211EF0400776C94 /* UberDisplayUser.swift */,
			);
			path = Models;
			sourceTree = "<group>";
		};
		93DAD15FD79ED5DF913D7FC3 /* Frameworks */ = {
			isa = PBXGroup;
			children = (
				9A022DBCE9291564AFA43EB2 /* Pods_display.framework */,
				06E14BCE02A883711A52FA7B /* Pods_displayTests.framework */,
				E2C17FD7B6F7F0422882956F /* Pods_displayUITests.framework */,
			);
			name = Frameworks;
			sourceTree = "<group>";
		};
/* End PBXGroup section */

/* Begin PBXNativeTarget section */
		5120B6AE20B3109C006A3396 /* display */ = {
			isa = PBXNativeTarget;
			buildConfigurationList = 5120B6D720B3109F006A3396 /* Build configuration list for PBXNativeTarget "display" */;
			buildPhases = (
				44A4BEF810B26E9A9797E5AE /* [CP] Check Pods Manifest.lock */,
				5120B6AB20B3109C006A3396 /* Sources */,
				5120B6AC20B3109C006A3396 /* Frameworks */,
				5120B6AD20B3109C006A3396 /* Resources */,
				37EE9F42118A3BDD8192081B /* [CP] Embed Pods Frameworks */,
				02D0D40D0E95A3CE503FD9B1 /* [CP] Copy Pods Resources */,
			);
			buildRules = (
			);
			dependencies = (
			);
			name = display;
			productName = display;
			productReference = 5120B6AF20B3109C006A3396 /* display.app */;
			productType = "com.apple.product-type.application";
		};
		5120B6C220B3109F006A3396 /* displayTests */ = {
			isa = PBXNativeTarget;
			buildConfigurationList = 5120B6DA20B3109F006A3396 /* Build configuration list for PBXNativeTarget "displayTests" */;
			buildPhases = (
				2E7B42A1EA375668104FACEE /* [CP] Check Pods Manifest.lock */,
				5120B6BF20B3109F006A3396 /* Sources */,
				5120B6C020B3109F006A3396 /* Frameworks */,
				5120B6C120B3109F006A3396 /* Resources */,
			);
			buildRules = (
			);
			dependencies = (
				5120B6C520B3109F006A3396 /* PBXTargetDependency */,
			);
			name = displayTests;
			productName = displayTests;
			productReference = 5120B6C320B3109F006A3396 /* displayTests.xctest */;
			productType = "com.apple.product-type.bundle.unit-test";
		};
		5120B6CD20B3109F006A3396 /* displayUITests */ = {
			isa = PBXNativeTarget;
			buildConfigurationList = 5120B6DD20B3109F006A3396 /* Build configuration list for PBXNativeTarget "displayUITests" */;
			buildPhases = (
				7370E7B18C95D4E083FA1F61 /* [CP] Check Pods Manifest.lock */,
				5120B6CA20B3109F006A3396 /* Sources */,
				5120B6CB20B3109F006A3396 /* Frameworks */,
				5120B6CC20B3109F006A3396 /* Resources */,
			);
			buildRules = (
			);
			dependencies = (
				5120B6D020B3109F006A3396 /* PBXTargetDependency */,
			);
			name = displayUITests;
			productName = displayUITests;
			productReference = 5120B6CE20B3109F006A3396 /* displayUITests.xctest */;
			productType = "com.apple.product-type.bundle.ui-testing";
		};
/* End PBXNativeTarget section */

/* Begin PBXProject section */
		5120B6A720B3109C006A3396 /* Project object */ = {
			isa = PBXProject;
			attributes = {
				LastSwiftUpdateCheck = 0930;
				LastUpgradeCheck = 0930;
				ORGANIZATIONNAME = "Ning Ma";
				TargetAttributes = {
					5120B6AE20B3109C006A3396 = {
						CreatedOnToolsVersion = 9.3.1;
					};
					5120B6C220B3109F006A3396 = {
						CreatedOnToolsVersion = 9.3.1;
						LastSwiftMigration = 1010;
						TestTargetID = 5120B6AE20B3109C006A3396;
					};
					5120B6CD20B3109F006A3396 = {
						CreatedOnToolsVersion = 9.3.1;
						LastSwiftMigration = 1010;
						TestTargetID = 5120B6AE20B3109C006A3396;
					};
				};
			};
			buildConfigurationList = 5120B6AA20B3109C006A3396 /* Build configuration list for PBXProject "display" */;
			compatibilityVersion = "Xcode 9.3";
			developmentRegion = en;
			hasScannedForEncodings = 0;
			knownRegions = (
				en,
				Base,
			);
			mainGroup = 5120B6A620B3109C006A3396;
			productRefGroup = 5120B6B020B3109C006A3396 /* Products */;
			projectDirPath = "";
			projectRoot = "";
			targets = (
				5120B6AE20B3109C006A3396 /* display */,
				5120B6C220B3109F006A3396 /* displayTests */,
				5120B6CD20B3109F006A3396 /* displayUITests */,
			);
		};
/* End PBXProject section */

/* Begin PBXResourcesBuildPhase section */
		5120B6AD20B3109C006A3396 /* Resources */ = {
			isa = PBXResourcesBuildPhase;
			buildActionMask = 2147483647;
			files = (
				5140211F21094D9E00CEE434 /* Images.xcassets in Resources */,
				5198CA4021348D2B00B69061 /* GoogleService-Info.plist in Resources */,
				5120B6BD20B3109F006A3396 /* LaunchScreen.storyboard in Resources */,
				5120B6B820B3109C006A3396 /* Main.storyboard in Resources */,
			);
			runOnlyForDeploymentPostprocessing = 0;
		};
		5120B6C120B3109F006A3396 /* Resources */ = {
			isa = PBXResourcesBuildPhase;
			buildActionMask = 2147483647;
			files = (
			);
			runOnlyForDeploymentPostprocessing = 0;
		};
		5120B6CC20B3109F006A3396 /* Resources */ = {
			isa = PBXResourcesBuildPhase;
			buildActionMask = 2147483647;
			files = (
			);
			runOnlyForDeploymentPostprocessing = 0;
		};
/* End PBXResourcesBuildPhase section */

/* Begin PBXShellScriptBuildPhase section */
		02D0D40D0E95A3CE503FD9B1 /* [CP] Copy Pods Resources */ = {
			isa = PBXShellScriptBuildPhase;
			buildActionMask = 2147483647;
			files = (
			);
			inputPaths = (
				"${SRCROOT}/Pods/Target Support Files/Pods-display/Pods-display-resources.sh",
				"${PODS_CONFIGURATION_BUILD_DIR}/FirebaseUI/FirebaseAuthUI.bundle",
				"${PODS_CONFIGURATION_BUILD_DIR}/FirebaseUI/FirebaseGoogleAuthUI.bundle",
				"${PODS_ROOT}/GoogleSignIn/Resources/GoogleSignIn.bundle",
			);
			name = "[CP] Copy Pods Resources";
			outputPaths = (
				"${TARGET_BUILD_DIR}/${UNLOCALIZED_RESOURCES_FOLDER_PATH}/FirebaseAuthUI.bundle",
				"${TARGET_BUILD_DIR}/${UNLOCALIZED_RESOURCES_FOLDER_PATH}/FirebaseGoogleAuthUI.bundle",
				"${TARGET_BUILD_DIR}/${UNLOCALIZED_RESOURCES_FOLDER_PATH}/GoogleSignIn.bundle",
			);
			runOnlyForDeploymentPostprocessing = 0;
			shellPath = /bin/sh;
			shellScript = "\"${SRCROOT}/Pods/Target Support Files/Pods-display/Pods-display-resources.sh\"\n";
			showEnvVarsInLog = 0;
		};
		2E7B42A1EA375668104FACEE /* [CP] Check Pods Manifest.lock */ = {
			isa = PBXShellScriptBuildPhase;
			buildActionMask = 2147483647;
			files = (
			);
			inputPaths = (
				"${PODS_PODFILE_DIR_PATH}/Podfile.lock",
				"${PODS_ROOT}/Manifest.lock",
			);
			name = "[CP] Check Pods Manifest.lock";
			outputPaths = (
				"$(DERIVED_FILE_DIR)/Pods-displayTests-checkManifestLockResult.txt",
			);
			runOnlyForDeploymentPostprocessing = 0;
			shellPath = /bin/sh;
			shellScript = "diff \"${PODS_PODFILE_DIR_PATH}/Podfile.lock\" \"${PODS_ROOT}/Manifest.lock\" > /dev/null\nif [ $? != 0 ] ; then\n    # print error to STDERR\n    echo \"error: The sandbox is not in sync with the Podfile.lock. Run 'pod install' or update your CocoaPods installation.\" >&2\n    exit 1\nfi\n# This output is used by Xcode 'outputs' to avoid re-running this script phase.\necho \"SUCCESS\" > \"${SCRIPT_OUTPUT_FILE_0}\"\n";
			showEnvVarsInLog = 0;
		};
		37EE9F42118A3BDD8192081B /* [CP] Embed Pods Frameworks */ = {
			isa = PBXShellScriptBuildPhase;
			buildActionMask = 2147483647;
			files = (
			);
			inputPaths = (
				"${SRCROOT}/Pods/Target Support Files/Pods-display/Pods-display-frameworks.sh",
				"${BUILT_PRODUCTS_DIR}/BoringSSL-GRPC/openssl_grpc.framework",
				"${BUILT_PRODUCTS_DIR}/GTMOAuth2/GTMOAuth2.framework",
				"${BUILT_PRODUCTS_DIR}/GTMSessionFetcher/GTMSessionFetcher.framework",
				"${BUILT_PRODUCTS_DIR}/GoogleToolboxForMac/GoogleToolboxForMac.framework",
				"${BUILT_PRODUCTS_DIR}/Protobuf/Protobuf.framework",
				"${BUILT_PRODUCTS_DIR}/gRPC/GRPCClient.framework",
				"${BUILT_PRODUCTS_DIR}/gRPC-Core/grpc.framework",
				"${BUILT_PRODUCTS_DIR}/gRPC-ProtoRPC/ProtoRPC.framework",
				"${BUILT_PRODUCTS_DIR}/gRPC-RxLibrary/RxLibrary.framework",
				"${BUILT_PRODUCTS_DIR}/leveldb-library/leveldb.framework",
				"${BUILT_PRODUCTS_DIR}/nanopb/nanopb.framework",
			);
			name = "[CP] Embed Pods Frameworks";
			outputPaths = (
				"${TARGET_BUILD_DIR}/${FRAMEWORKS_FOLDER_PATH}/openssl_grpc.framework",
				"${TARGET_BUILD_DIR}/${FRAMEWORKS_FOLDER_PATH}/GTMOAuth2.framework",
				"${TARGET_BUILD_DIR}/${FRAMEWORKS_FOLDER_PATH}/GTMSessionFetcher.framework",
				"${TARGET_BUILD_DIR}/${FRAMEWORKS_FOLDER_PATH}/GoogleToolboxForMac.framework",
				"${TARGET_BUILD_DIR}/${FRAMEWORKS_FOLDER_PATH}/Protobuf.framework",
				"${TARGET_BUILD_DIR}/${FRAMEWORKS_FOLDER_PATH}/GRPCClient.framework",
				"${TARGET_BUILD_DIR}/${FRAMEWORKS_FOLDER_PATH}/grpc.framework",
				"${TARGET_BUILD_DIR}/${FRAMEWORKS_FOLDER_PATH}/ProtoRPC.framework",
				"${TARGET_BUILD_DIR}/${FRAMEWORKS_FOLDER_PATH}/RxLibrary.framework",
				"${TARGET_BUILD_DIR}/${FRAMEWORKS_FOLDER_PATH}/leveldb.framework",
				"${TARGET_BUILD_DIR}/${FRAMEWORKS_FOLDER_PATH}/nanopb.framework",
			);
			runOnlyForDeploymentPostprocessing = 0;
			shellPath = /bin/sh;
			shellScript = "\"${SRCROOT}/Pods/Target Support Files/Pods-display/Pods-display-frameworks.sh\"\n";
			showEnvVarsInLog = 0;
		};
		44A4BEF810B26E9A9797E5AE /* [CP] Check Pods Manifest.lock */ = {
			isa = PBXShellScriptBuildPhase;
			buildActionMask = 2147483647;
			files = (
			);
			inputPaths = (
				"${PODS_PODFILE_DIR_PATH}/Podfile.lock",
				"${PODS_ROOT}/Manifest.lock",
			);
			name = "[CP] Check Pods Manifest.lock";
			outputPaths = (
				"$(DERIVED_FILE_DIR)/Pods-display-checkManifestLockResult.txt",
			);
			runOnlyForDeploymentPostprocessing = 0;
			shellPath = /bin/sh;
			shellScript = "diff \"${PODS_PODFILE_DIR_PATH}/Podfile.lock\" \"${PODS_ROOT}/Manifest.lock\" > /dev/null\nif [ $? != 0 ] ; then\n    # print error to STDERR\n    echo \"error: The sandbox is not in sync with the Podfile.lock. Run 'pod install' or update your CocoaPods installation.\" >&2\n    exit 1\nfi\n# This output is used by Xcode 'outputs' to avoid re-running this script phase.\necho \"SUCCESS\" > \"${SCRIPT_OUTPUT_FILE_0}\"\n";
			showEnvVarsInLog = 0;
		};
		7370E7B18C95D4E083FA1F61 /* [CP] Check Pods Manifest.lock */ = {
			isa = PBXShellScriptBuildPhase;
			buildActionMask = 2147483647;
			files = (
			);
			inputPaths = (
				"${PODS_PODFILE_DIR_PATH}/Podfile.lock",
				"${PODS_ROOT}/Manifest.lock",
			);
			name = "[CP] Check Pods Manifest.lock";
			outputPaths = (
				"$(DERIVED_FILE_DIR)/Pods-displayUITests-checkManifestLockResult.txt",
			);
			runOnlyForDeploymentPostprocessing = 0;
			shellPath = /bin/sh;
			shellScript = "diff \"${PODS_PODFILE_DIR_PATH}/Podfile.lock\" \"${PODS_ROOT}/Manifest.lock\" > /dev/null\nif [ $? != 0 ] ; then\n    # print error to STDERR\n    echo \"error: The sandbox is not in sync with the Podfile.lock. Run 'pod install' or update your CocoaPods installation.\" >&2\n    exit 1\nfi\n# This output is used by Xcode 'outputs' to avoid re-running this script phase.\necho \"SUCCESS\" > \"${SCRIPT_OUTPUT_FILE_0}\"\n";
			showEnvVarsInLog = 0;
		};
/* End PBXShellScriptBuildPhase section */

/* Begin PBXSourcesBuildPhase section */
		5120B6AB20B3109C006A3396 /* Sources */ = {
			isa = PBXSourcesBuildPhase;
			buildActionMask = 2147483647;
			files = (
				51212F13214AEB110071CE42 /* LoginViewController.swift in Sources */,
				511A0B0121481BA400F81D3C /* ContentViewController.swift in Sources */,
				513508CC211B2D25005C45A7 /* ProfileViewController.swift in Sources */,
				511A0AFF2141F83B00F81D3C /* RecomViewController.swift in Sources */,
				5120B6B520B3109C006A3396 /* HomeViewController.swift in Sources */,
				5120B6B320B3109C006A3396 /* AppDelegate.swift in Sources */,
				93A339482211EF0400776C94 /* UberDisplayUser.swift in Sources */,
			);
			runOnlyForDeploymentPostprocessing = 0;
		};
		5120B6BF20B3109F006A3396 /* Sources */ = {
			isa = PBXSourcesBuildPhase;
			buildActionMask = 2147483647;
			files = (
				93A3394B2211EF2300776C94 /* UberDisplayUserTests.swift in Sources */,
			);
			runOnlyForDeploymentPostprocessing = 0;
		};
		5120B6CA20B3109F006A3396 /* Sources */ = {
			isa = PBXSourcesBuildPhase;
			buildActionMask = 2147483647;
			files = (
				93A3394E2211FA9200776C94 /* displayUITests.swift in Sources */,
			);
			runOnlyForDeploymentPostprocessing = 0;
		};
/* End PBXSourcesBuildPhase section */

/* Begin PBXTargetDependency section */
		5120B6C520B3109F006A3396 /* PBXTargetDependency */ = {
			isa = PBXTargetDependency;
			target = 5120B6AE20B3109C006A3396 /* display */;
			targetProxy = 5120B6C420B3109F006A3396 /* PBXContainerItemProxy */;
		};
		5120B6D020B3109F006A3396 /* PBXTargetDependency */ = {
			isa = PBXTargetDependency;
			target = 5120B6AE20B3109C006A3396 /* display */;
			targetProxy = 5120B6CF20B3109F006A3396 /* PBXContainerItemProxy */;
		};
/* End PBXTargetDependency section */

/* Begin PBXVariantGroup section */
		5120B6B620B3109C006A3396 /* Main.storyboard */ = {
			isa = PBXVariantGroup;
			children = (
				5120B6B720B3109C006A3396 /* Base */,
			);
			name = Main.storyboard;
			sourceTree = "<group>";
		};
		5120B6BB20B3109F006A3396 /* LaunchScreen.storyboard */ = {
			isa = PBXVariantGroup;
			children = (
				5120B6BC20B3109F006A3396 /* Base */,
			);
			name = LaunchScreen.storyboard;
			sourceTree = "<group>";
		};
/* End PBXVariantGroup section */

/* Begin XCBuildConfiguration section */
		5120B6D520B3109F006A3396 /* Debug */ = {
			isa = XCBuildConfiguration;
			buildSettings = {
				ALWAYS_SEARCH_USER_PATHS = NO;
				CLANG_ANALYZER_NONNULL = YES;
				CLANG_ANALYZER_NUMBER_OBJECT_CONVERSION = YES_AGGRESSIVE;
				CLANG_CXX_LANGUAGE_STANDARD = "gnu++14";
				CLANG_CXX_LIBRARY = "libc++";
				CLANG_ENABLE_MODULES = YES;
				CLANG_ENABLE_OBJC_ARC = YES;
				CLANG_ENABLE_OBJC_WEAK = YES;
				CLANG_WARN_BLOCK_CAPTURE_AUTORELEASING = YES;
				CLANG_WARN_BOOL_CONVERSION = YES;
				CLANG_WARN_COMMA = YES;
				CLANG_WARN_CONSTANT_CONVERSION = YES;
				CLANG_WARN_DEPRECATED_OBJC_IMPLEMENTATIONS = YES;
				CLANG_WARN_DIRECT_OBJC_ISA_USAGE = YES_ERROR;
				CLANG_WARN_DOCUMENTATION_COMMENTS = YES;
				CLANG_WARN_EMPTY_BODY = YES;
				CLANG_WARN_ENUM_CONVERSION = YES;
				CLANG_WARN_INFINITE_RECURSION = YES;
				CLANG_WARN_INT_CONVERSION = YES;
				CLANG_WARN_NON_LITERAL_NULL_CONVERSION = YES;
				CLANG_WARN_OBJC_IMPLICIT_RETAIN_SELF = YES;
				CLANG_WARN_OBJC_LITERAL_CONVERSION = YES;
				CLANG_WARN_OBJC_ROOT_CLASS = YES_ERROR;
				CLANG_WARN_RANGE_LOOP_ANALYSIS = YES;
				CLANG_WARN_STRICT_PROTOTYPES = YES;
				CLANG_WARN_SUSPICIOUS_MOVE = YES;
				CLANG_WARN_UNGUARDED_AVAILABILITY = YES_AGGRESSIVE;
				CLANG_WARN_UNREACHABLE_CODE = YES;
				CLANG_WARN__DUPLICATE_METHOD_MATCH = YES;
				CODE_SIGN_IDENTITY = "iPhone Developer";
				COPY_PHASE_STRIP = NO;
				DEBUG_INFORMATION_FORMAT = dwarf;
				ENABLE_STRICT_OBJC_MSGSEND = YES;
				ENABLE_TESTABILITY = YES;
				GCC_C_LANGUAGE_STANDARD = gnu11;
				GCC_DYNAMIC_NO_PIC = NO;
				GCC_NO_COMMON_BLOCKS = YES;
				GCC_OPTIMIZATION_LEVEL = 0;
				GCC_PREPROCESSOR_DEFINITIONS = (
					"DEBUG=1",
					"$(inherited)",
				);
				GCC_WARN_64_TO_32_BIT_CONVERSION = YES;
				GCC_WARN_ABOUT_RETURN_TYPE = YES_ERROR;
				GCC_WARN_UNDECLARED_SELECTOR = YES;
				GCC_WARN_UNINITIALIZED_AUTOS = YES_AGGRESSIVE;
				GCC_WARN_UNUSED_FUNCTION = YES;
				GCC_WARN_UNUSED_VARIABLE = YES;
				IPHONEOS_DEPLOYMENT_TARGET = 11.3;
				MTL_ENABLE_DEBUG_INFO = YES;
				ONLY_ACTIVE_ARCH = YES;
				SDKROOT = iphoneos;
				SWIFT_ACTIVE_COMPILATION_CONDITIONS = DEBUG;
				SWIFT_OPTIMIZATION_LEVEL = "-Onone";
			};
			name = Debug;
		};
		5120B6D620B3109F006A3396 /* Release */ = {
			isa = XCBuildConfiguration;
			buildSettings = {
				ALWAYS_SEARCH_USER_PATHS = NO;
				CLANG_ANALYZER_NONNULL = YES;
				CLANG_ANALYZER_NUMBER_OBJECT_CONVERSION = YES_AGGRESSIVE;
				CLANG_CXX_LANGUAGE_STANDARD = "gnu++14";
				CLANG_CXX_LIBRARY = "libc++";
				CLANG_ENABLE_MODULES = YES;
				CLANG_ENABLE_OBJC_ARC = YES;
				CLANG_ENABLE_OBJC_WEAK = YES;
				CLANG_WARN_BLOCK_CAPTURE_AUTORELEASING = YES;
				CLANG_WARN_BOOL_CONVERSION = YES;
				CLANG_WARN_COMMA = YES;
				CLANG_WARN_CONSTANT_CONVERSION = YES;
				CLANG_WARN_DEPRECATED_OBJC_IMPLEMENTATIONS = YES;
				CLANG_WARN_DIRECT_OBJC_ISA_USAGE = YES_ERROR;
				CLANG_WARN_DOCUMENTATION_COMMENTS = YES;
				CLANG_WARN_EMPTY_BODY = YES;
				CLANG_WARN_ENUM_CONVERSION = YES;
				CLANG_WARN_INFINITE_RECURSION = YES;
				CLANG_WARN_INT_CONVERSION = YES;
				CLANG_WARN_NON_LITERAL_NULL_CONVERSION = YES;
				CLANG_WARN_OBJC_IMPLICIT_RETAIN_SELF = YES;
				CLANG_WARN_OBJC_LITERAL_CONVERSION = YES;
				CLANG_WARN_OBJC_ROOT_CLASS = YES_ERROR;
				CLANG_WARN_RANGE_LOOP_ANALYSIS = YES;
				CLANG_WARN_STRICT_PROTOTYPES = YES;
				CLANG_WARN_SUSPICIOUS_MOVE = YES;
				CLANG_WARN_UNGUARDED_AVAILABILITY = YES_AGGRESSIVE;
				CLANG_WARN_UNREACHABLE_CODE = YES;
				CLANG_WARN__DUPLICATE_METHOD_MATCH = YES;
				CODE_SIGN_IDENTITY = "iPhone Developer";
				COPY_PHASE_STRIP = NO;
				DEBUG_INFORMATION_FORMAT = "dwarf-with-dsym";
				ENABLE_NS_ASSERTIONS = NO;
				ENABLE_STRICT_OBJC_MSGSEND = YES;
				GCC_C_LANGUAGE_STANDARD = gnu11;
				GCC_NO_COMMON_BLOCKS = YES;
				GCC_WARN_64_TO_32_BIT_CONVERSION = YES;
				GCC_WARN_ABOUT_RETURN_TYPE = YES_ERROR;
				GCC_WARN_UNDECLARED_SELECTOR = YES;
				GCC_WARN_UNINITIALIZED_AUTOS = YES_AGGRESSIVE;
				GCC_WARN_UNUSED_FUNCTION = YES;
				GCC_WARN_UNUSED_VARIABLE = YES;
				IPHONEOS_DEPLOYMENT_TARGET = 11.3;
				MTL_ENABLE_DEBUG_INFO = NO;
				SDKROOT = iphoneos;
				SWIFT_COMPILATION_MODE = wholemodule;
				SWIFT_OPTIMIZATION_LEVEL = "-O";
				VALIDATE_PRODUCT = YES;
			};
			name = Release;
		};
		5120B6D820B3109F006A3396 /* Debug */ = {
			isa = XCBuildConfiguration;
			baseConfigurationReference = B261E9CA228105E6FEA335F3 /* Pods-display.debug.xcconfig */;
			buildSettings = {
				ASSETCATALOG_COMPILER_APPICON_NAME = AppIcon;
				CODE_SIGN_STYLE = Automatic;
				INFOPLIST_FILE = "$(SRCROOT)/Info.plist";
				LD_RUNPATH_SEARCH_PATHS = (
					"$(inherited)",
					"@executable_path/Frameworks",
				);
				PRODUCT_BUNDLE_IDENTIFIER = com.ningma.driverdisplay.display;
				PRODUCT_NAME = "$(TARGET_NAME)";
				SWIFT_VERSION = 4.0;
				TARGETED_DEVICE_FAMILY = "1,2";
			};
			name = Debug;
		};
		5120B6D920B3109F006A3396 /* Release */ = {
			isa = XCBuildConfiguration;
			baseConfigurationReference = 07CDF612C43B0D70A1CAFA21 /* Pods-display.release.xcconfig */;
			buildSettings = {
				ASSETCATALOG_COMPILER_APPICON_NAME = AppIcon;
				CODE_SIGN_STYLE = Automatic;
				INFOPLIST_FILE = "$(SRCROOT)/Info.plist";
				LD_RUNPATH_SEARCH_PATHS = (
					"$(inherited)",
					"@executable_path/Frameworks",
				);
				PRODUCT_BUNDLE_IDENTIFIER = com.ningma.driverdisplay.display;
				PRODUCT_NAME = "$(TARGET_NAME)";
				SWIFT_VERSION = 4.0;
				TARGETED_DEVICE_FAMILY = "1,2";
			};
			name = Release;
		};
		5120B6DB20B3109F006A3396 /* Debug */ = {
			isa = XCBuildConfiguration;
			baseConfigurationReference = 9378F7DC5C6064C6BF874DDC /* Pods-displayTests.debug.xcconfig */;
			buildSettings = {
				ALWAYS_EMBED_SWIFT_STANDARD_LIBRARIES = YES;
				BUNDLE_LOADER = "$(TEST_HOST)";
				CLANG_ENABLE_MODULES = YES;
				CODE_SIGN_STYLE = Automatic;
				INFOPLIST_FILE = ../displayTests/Info.plist;
				LD_RUNPATH_SEARCH_PATHS = (
					"$(inherited)",
					"@executable_path/Frameworks",
					"@loader_path/Frameworks",
				);
				PRODUCT_BUNDLE_IDENTIFIER = com.ningma.driverdisplay.displayTests;
				PRODUCT_NAME = "$(TARGET_NAME)";
				SWIFT_OBJC_BRIDGING_HEADER = "displayTests-Bridging-Header.h";
				SWIFT_OPTIMIZATION_LEVEL = "-Onone";
				SWIFT_VERSION = 4.0;
				TARGETED_DEVICE_FAMILY = "1,2";
				TEST_HOST = "$(BUILT_PRODUCTS_DIR)/display.app/display";
			};
			name = Debug;
		};
		5120B6DC20B3109F006A3396 /* Release */ = {
			isa = XCBuildConfiguration;
			baseConfigurationReference = 790A5FB3F55B159B7F6F82B1 /* Pods-displayTests.release.xcconfig */;
			buildSettings = {
				ALWAYS_EMBED_SWIFT_STANDARD_LIBRARIES = YES;
				BUNDLE_LOADER = "$(TEST_HOST)";
				CLANG_ENABLE_MODULES = YES;
				CODE_SIGN_STYLE = Automatic;
				INFOPLIST_FILE = ../displayTests/Info.plist;
				LD_RUNPATH_SEARCH_PATHS = (
					"$(inherited)",
					"@executable_path/Frameworks",
					"@loader_path/Frameworks",
				);
				PRODUCT_BUNDLE_IDENTIFIER = com.ningma.driverdisplay.displayTests;
				PRODUCT_NAME = "$(TARGET_NAME)";
				SWIFT_OBJC_BRIDGING_HEADER = "displayTests-Bridging-Header.h";
				SWIFT_VERSION = 4.0;
				TARGETED_DEVICE_FAMILY = "1,2";
				TEST_HOST = "$(BUILT_PRODUCTS_DIR)/display.app/display";
			};
			name = Release;
		};
		5120B6DE20B3109F006A3396 /* Debug */ = {
			isa = XCBuildConfiguration;
			baseConfigurationReference = 1BE1BB553C02D2B1CD5D1A6C /* Pods-displayUITests.debug.xcconfig */;
			buildSettings = {
				ALWAYS_EMBED_SWIFT_STANDARD_LIBRARIES = YES;
				CLANG_ENABLE_MODULES = YES;
				CODE_SIGN_STYLE = Automatic;
				INFOPLIST_FILE = ../displayUITests/Info.plist;
				LD_RUNPATH_SEARCH_PATHS = (
					"$(inherited)",
					"@executable_path/Frameworks",
					"@loader_path/Frameworks",
				);
				PRODUCT_BUNDLE_IDENTIFIER = com.ningma.driverdisplay.displayUITests;
				PRODUCT_NAME = "$(TARGET_NAME)";
				SWIFT_OBJC_BRIDGING_HEADER = "displayUITests-Bridging-Header.h";
				SWIFT_OPTIMIZATION_LEVEL = "-Onone";
				SWIFT_VERSION = 4.0;
				TARGETED_DEVICE_FAMILY = "1,2";
				TEST_TARGET_NAME = display;
			};
			name = Debug;
		};
		5120B6DF20B3109F006A3396 /* Release */ = {
			isa = XCBuildConfiguration;
			baseConfigurationReference = BB768D999F016766245BC20C /* Pods-displayUITests.release.xcconfig */;
			buildSettings = {
				ALWAYS_EMBED_SWIFT_STANDARD_LIBRARIES = YES;
				CLANG_ENABLE_MODULES = YES;
				CODE_SIGN_STYLE = Automatic;
				INFOPLIST_FILE = ../displayUITests/Info.plist;
				LD_RUNPATH_SEARCH_PATHS = (
					"$(inherited)",
					"@executable_path/Frameworks",
					"@loader_path/Frameworks",
				);
				PRODUCT_BUNDLE_IDENTIFIER = com.ningma.driverdisplay.displayUITests;
				PRODUCT_NAME = "$(TARGET_NAME)";
				SWIFT_OBJC_BRIDGING_HEADER = "displayUITests-Bridging-Header.h";
				SWIFT_VERSION = 4.0;
				TARGETED_DEVICE_FAMILY = "1,2";
				TEST_TARGET_NAME = display;
			};
			name = Release;
		};
/* End XCBuildConfiguration section */

/* Begin XCConfigurationList section */
		5120B6AA20B3109C006A3396 /* Build configuration list for PBXProject "display" */ = {
			isa = XCConfigurationList;
			buildConfigurations = (
				5120B6D520B3109F006A3396 /* Debug */,
				5120B6D620B3109F006A3396 /* Release */,
			);
			defaultConfigurationIsVisible = 0;
			defaultConfigurationName = Release;
		};
		5120B6D720B3109F006A3396 /* Build configuration list for PBXNativeTarget "display" */ = {
			isa = XCConfigurationList;
			buildConfigurations = (
				5120B6D820B3109F006A3396 /* Debug */,
				5120B6D920B3109F006A3396 /* Release */,
			);
			defaultConfigurationIsVisible = 0;
			defaultConfigurationName = Release;
		};
		5120B6DA20B3109F006A3396 /* Build configuration list for PBXNativeTarget "displayTests" */ = {
			isa = XCConfigurationList;
			buildConfigurations = (
				5120B6DB20B3109F006A3396 /* Debug */,
				5120B6DC20B3109F006A3396 /* Release */,
			);
			defaultConfigurationIsVisible = 0;
			defaultConfigurationName = Release;
		};
		5120B6DD20B3109F006A3396 /* Build configuration list for PBXNativeTarget "displayUITests" */ = {
			isa = XCConfigurationList;
			buildConfigurations = (
				5120B6DE20B3109F006A3396 /* Debug */,
				5120B6DF20B3109F006A3396 /* Release */,
			);
			defaultConfigurationIsVisible = 0;
			defaultConfigurationName = Release;
		};
/* End XCConfigurationList section */
	};
	rootObject = 5120B6A720B3109C006A3396 /* Project object */;
}
